# This file is generated by running "yarn install" inside your project.
# Manual changes might be lost - proceed with caution!

__metadata:
  version: 6
  cacheKey: 8

"@openzeppelin/contracts@npm:^4.9.3":
  version: 4.9.3
  resolution: "@openzeppelin/contracts@npm:4.9.3"
  checksum: 4932063e733b35fa7669b9fe2053f69b062366c5c208b0c6cfa1ac451712100c78acff98120c3a4b88d94154c802be05d160d71f37e7d74cadbe150964458838
  languageName: node
  linkType: hard

"buildersm@workspace:.":
  version: 0.0.0-use.local
  resolution: "buildersm@workspace:."
  dependencies:
    "@openzeppelin/contracts": ^4.9.3
  languageName: unknown
  linkType: soft
